
Microsoft Visual Studio Solution File, Format Version 12.00
# Visual Studio 15
VisualStudioVersion = 15.0.28307.438
MinimumVisualStudioVersion = 10.0.40219.1
Project("{FAE04EC0-301F-11D3-BF4B-00C04F79EFBC}") = "Calculadora_2", "Calculadora_2\Calculadora_2.csproj", "{887156E3-F55A-4B2E-86A2-044B918EFBC1}"
EndProject
Global
	GlobalSection(SolutionConfigurationPlatforms) = preSolution
		Debug|Any CPU = Debug|Any CPU
		Release|Any CPU = Release|Any CPU
	EndGlobalSection
	GlobalSection(ProjectConfigurationPlatforms) = postSolution
		{887156E3-F55A-4B2E-86A2-044B918EFBC1}.Debug|Any CPU.ActiveCfg = Debug|Any CPU
		{887156E3-F55A-4B2E-86A2-044B918EFBC1}.Debug|Any CPU.Build.0 = Debug|Any CPU
		{887156E3-F55A-4B2E-86A2-044B918EFBC1}.Release|Any CPU.ActiveCfg = Release|Any CPU
		{887156E3-F55A-4B2E-86A2-044B918EFBC1}.Release|Any CPU.Build.0 = Release|Any CPU
	EndGlobalSection
	GlobalSection(SolutionProperties) = preSolution
		HideSolutionNode = FALSE
	EndGlobalSection
	GlobalSection(ExtensibilityGlobals) = postSolution
		SolutionGuid = {6092535B-6E2D-40E7-BF47-5CA27E44814D}
	EndGlobalSection
EndGlobal
